// !$*UTF8*$!
{
	archiveVersion = 1;
	classes = {
	};
	objectVersion = 55;
	objects = {

/* Begin PBXBuildFile section */
		8105364F282E21AA00621E6F /* WindowDetail.swift in Sources */ = {isa = PBXBuildFile; fileRef = 8105364E282E21AA00621E6F /* WindowDetail.swift */; };
		81053652282E41E900621E6F /* YinYang.swift in Sources */ = {isa = PBXBuildFile; fileRef = 81053651282E41E900621E6F /* YinYang.swift */; };
		81053655282E428700621E6F /* SizeManager.swift in Sources */ = {isa = PBXBuildFile; fileRef = 81053654282E428700621E6F /* SizeManager.swift */; };
		810ABE08282BA84400F50A8B /* ButtonView.swift in Sources */ = {isa = PBXBuildFile; fileRef = 810ABE07282BA84300F50A8B /* ButtonView.swift */; };
		811421422834F6DF004CBEBD /* TypeIn.swift in Sources */ = {isa = PBXBuildFile; fileRef = 811421412834F6DF004CBEBD /* TypeIn.swift */; };
		811C2024282CE27C000B35CF /* Wall.swift in Sources */ = {isa = PBXBuildFile; fileRef = 811C2023282CE27C000B35CF /* Wall.swift */; };
		811C2026282CFB5C000B35CF /* StealWallView.swift in Sources */ = {isa = PBXBuildFile; fileRef = 811C2025282CFB5C000B35CF /* StealWallView.swift */; };
		8152D630283B8DBA00AA8A5C /* AwordView.swift in Sources */ = {isa = PBXBuildFile; fileRef = 8152D62F283B8DBA00AA8A5C /* AwordView.swift */; };
		8152D632283CB51E00AA8A5C /* PickView.swift in Sources */ = {isa = PBXBuildFile; fileRef = 8152D631283CB51E00AA8A5C /* PickView.swift */; };
		8156CE172840644900FB1479 /* GlobalExtension.swift in Sources */ = {isa = PBXBuildFile; fileRef = 8156CE162840644900FB1479 /* GlobalExtension.swift */; };
		8156CE192840681100FB1479 /* PieceView.swift in Sources */ = {isa = PBXBuildFile; fileRef = 8156CE182840681100FB1479 /* PieceView.swift */; };
		816A072F2829045F00A6A947 /* Drag.swift in Sources */ = {isa = PBXBuildFile; fileRef = 816A072E2829045F00A6A947 /* Drag.swift */; };
		8176A848282C967D00EFDE40 /* Window.swift in Sources */ = {isa = PBXBuildFile; fileRef = 8176A847282C967D00EFDE40 /* Window.swift */; };
		818A410C2835FEF600902D1C /* LazyGridView.swift in Sources */ = {isa = PBXBuildFile; fileRef = 818A410B2835FEF600902D1C /* LazyGridView.swift */; };
		8196978928391F0600CD46D4 /* LocalFileManager.swift in Sources */ = {isa = PBXBuildFile; fileRef = 8196978828391F0600CD46D4 /* LocalFileManager.swift */; };
		819ACEE62848AA6300E82423 /* ThreadVIew.swift in Sources */ = {isa = PBXBuildFile; fileRef = 819ACEE52848AA6300E82423 /* ThreadVIew.swift */; };
		81A80D9028472996004820FA /* EditViewModel.swift in Sources */ = {isa = PBXBuildFile; fileRef = 81A80D8F28472996004820FA /* EditViewModel.swift */; };
		81BCF3FD2828CDA500D9A377 /* RainBow.swift in Sources */ = {isa = PBXBuildFile; fileRef = 81BCF3FC2828CDA500D9A377 /* RainBow.swift */; };
		81C09EF6282659860084C859 /* BoyaApp.swift in Sources */ = {isa = PBXBuildFile; fileRef = 81C09EF5282659860084C859 /* BoyaApp.swift */; };
		81C09EF8282659860084C859 /* ContentView.swift in Sources */ = {isa = PBXBuildFile; fileRef = 81C09EF7282659860084C859 /* ContentView.swift */; };
		81C09EFA282659880084C859 /* Assets.xcassets in Resources */ = {isa = PBXBuildFile; fileRef = 81C09EF9282659880084C859 /* Assets.xcassets */; };
		81C09EFD282659880084C859 /* Preview Assets.xcassets in Resources */ = {isa = PBXBuildFile; fileRef = 81C09EFC282659880084C859 /* Preview Assets.xcassets */; };
		81C09EFF282659880084C859 /* Persistence.swift in Sources */ = {isa = PBXBuildFile; fileRef = 81C09EFE282659880084C859 /* Persistence.swift */; };
		81C09F02282659880084C859 /* Boya.xcdatamodeld in Sources */ = {isa = PBXBuildFile; fileRef = 81C09F00282659880084C859 /* Boya.xcdatamodeld */; };
		81C962962838C9190078F977 /* HapticManager.swift in Sources */ = {isa = PBXBuildFile; fileRef = 81C962952838C9190078F977 /* HapticManager.swift */; };
		81DAA603283F728D00EC6F2E /* TextFieldView.swift in Sources */ = {isa = PBXBuildFile; fileRef = 81DAA602283F728D00EC6F2E /* TextFieldView.swift */; };
		81EE0FFA284752310040ACF7 /* Data.swift in Sources */ = {isa = PBXBuildFile; fileRef = 81EE0FF9284752310040ACF7 /* Data.swift */; };
		81EF6598283351B500853AB7 /* EditView.swift in Sources */ = {isa = PBXBuildFile; fileRef = 81EF6597283351B500853AB7 /* EditView.swift */; };
/* End PBXBuildFile section */

/* Begin PBXFileReference section */
		8105364E282E21AA00621E6F /* WindowDetail.swift */ = {isa = PBXFileReference; lastKnownFileType = sourcecode.swift; path = WindowDetail.swift; sourceTree = "<group>"; };
		81053651282E41E900621E6F /* YinYang.swift */ = {isa = PBXFileReference; lastKnownFileType = sourcecode.swift; path = YinYang.swift; sourceTree = "<group>"; };
		81053654282E428700621E6F /* SizeManager.swift */ = {isa = PBXFileReference; lastKnownFileType = sourcecode.swift; path = SizeManager.swift; sourceTree = "<group>"; };
		810ABE07282BA84300F50A8B /* ButtonView.swift */ = {isa = PBXFileReference; lastKnownFileType = sourcecode.swift; path = ButtonView.swift; sourceTree = "<group>"; };
		811421412834F6DF004CBEBD /* TypeIn.swift */ = {isa = PBXFileReference; lastKnownFileType = sourcecode.swift; path = TypeIn.swift; sourceTree = "<group>"; };
		811C2023282CE27C000B35CF /* Wall.swift */ = {isa = PBXFileReference; lastKnownFileType = sourcecode.swift; path = Wall.swift; sourceTree = "<group>"; };
		811C2025282CFB5C000B35CF /* StealWallView.swift */ = {isa = PBXFileReference; lastKnownFileType = sourcecode.swift; path = StealWallView.swift; sourceTree = "<group>"; };
		8152D62F283B8DBA00AA8A5C /* AwordView.swift */ = {isa = PBXFileReference; lastKnownFileType = sourcecode.swift; path = AwordView.swift; sourceTree = "<group>"; };
		8152D631283CB51E00AA8A5C /* PickView.swift */ = {isa = PBXFileReference; lastKnownFileType = sourcecode.swift; path = PickView.swift; sourceTree = "<group>"; };
		8156CE162840644900FB1479 /* GlobalExtension.swift */ = {isa = PBXFileReference; lastKnownFileType = sourcecode.swift; path = GlobalExtension.swift; sourceTree = "<group>"; };
		8156CE182840681100FB1479 /* PieceView.swift */ = {isa = PBXFileReference; lastKnownFileType = sourcecode.swift; path = PieceView.swift; sourceTree = "<group>"; };
		816A072E2829045F00A6A947 /* Drag.swift */ = {isa = PBXFileReference; lastKnownFileType = sourcecode.swift; path = Drag.swift; sourceTree = "<group>"; };
		8176A847282C967D00EFDE40 /* Window.swift */ = {isa = PBXFileReference; lastKnownFileType = sourcecode.swift; path = Window.swift; sourceTree = "<group>"; };
		818A410B2835FEF600902D1C /* LazyGridView.swift */ = {isa = PBXFileReference; lastKnownFileType = sourcecode.swift; path = LazyGridView.swift; sourceTree = "<group>"; tabWidth = 4; };
		8196978828391F0600CD46D4 /* LocalFileManager.swift */ = {isa = PBXFileReference; lastKnownFileType = sourcecode.swift; path = LocalFileManager.swift; sourceTree = "<group>"; };
		819ACEE52848AA6300E82423 /* ThreadVIew.swift */ = {isa = PBXFileReference; lastKnownFileType = sourcecode.swift; path = ThreadVIew.swift; sourceTree = "<group>"; };
		81A80D8F28472996004820FA /* EditViewModel.swift */ = {isa = PBXFileReference; lastKnownFileType = sourcecode.swift; path = EditViewModel.swift; sourceTree = "<group>"; };
		81BCF3FC2828CDA500D9A377 /* RainBow.swift */ = {isa = PBXFileReference; lastKnownFileType = sourcecode.swift; path = RainBow.swift; sourceTree = "<group>"; };
		81C09EF2282659860084C859 /* Boya.app */ = {isa = PBXFileReference; explicitFileType = wrapper.application; includeInIndex = 0; path = Boya.app; sourceTree = BUILT_PRODUCTS_DIR; };
		81C09EF5282659860084C859 /* BoyaApp.swift */ = {isa = PBXFileReference; lastKnownFileType = sourcecode.swift; path = BoyaApp.swift; sourceTree = "<group>"; };
		81C09EF7282659860084C859 /* ContentView.swift */ = {isa = PBXFileReference; lastKnownFileType = sourcecode.swift; path = ContentView.swift; sourceTree = "<group>"; };
		81C09EF9282659880084C859 /* Assets.xcassets */ = {isa = PBXFileReference; lastKnownFileType = folder.assetcatalog; path = Assets.xcassets; sourceTree = "<group>"; };
		81C09EFC282659880084C859 /* Preview Assets.xcassets */ = {isa = PBXFileReference; lastKnownFileType = folder.assetcatalog; path = "Preview Assets.xcassets"; sourceTree = "<group>"; };
		81C09EFE282659880084C859 /* Persistence.swift */ = {isa = PBXFileReference; lastKnownFileType = sourcecode.swift; path = Persistence.swift; sourceTree = "<group>"; };
		81C09F01282659880084C859 /* Boya.xcdatamodel */ = {isa = PBXFileReference; lastKnownFileType = wrapper.xcdatamodel; path = Boya.xcdatamodel; sourceTree = "<group>"; };
		81C962952838C9190078F977 /* HapticManager.swift */ = {isa = PBXFileReference; lastKnownFileType = sourcecode.swift; path = HapticManager.swift; sourceTree = "<group>"; };
		81DAA602283F728D00EC6F2E /* TextFieldView.swift */ = {isa = PBXFileReference; lastKnownFileType = sourcecode.swift; path = TextFieldView.swift; sourceTree = "<group>"; };
		81EE0FF9284752310040ACF7 /* Data.swift */ = {isa = PBXFileReference; lastKnownFileType = sourcecode.swift; path = Data.swift; sourceTree = "<group>"; };
		81EF6597283351B500853AB7 /* EditView.swift */ = {isa = PBXFileReference; lastKnownFileType = sourcecode.swift; path = EditView.swift; sourceTree = "<group>"; };
/* End PBXFileReference section */

/* Begin PBXFrameworksBuildPhase section */
		81C09EEF282659860084C859 /* Frameworks */ = {
			isa = PBXFrameworksBuildPhase;
			buildActionMask = 2147483647;
			files = (
			);
			runOnlyForDeploymentPostprocessing = 0;
		};
/* End PBXFrameworksBuildPhase section */

/* Begin PBXGroup section */
		8105364D282E1B8000621E6F /* Window */ = {
			isa = PBXGroup;
			children = (
				8105364E282E21AA00621E6F /* WindowDetail.swift */,
			);
			path = Window;
			sourceTree = "<group>";
		};
		81053650282E41BF00621E6F /* Gua */ = {
			isa = PBXGroup;
			children = (
				81053651282E41E900621E6F /* YinYang.swift */,
			);
			path = Gua;
			sourceTree = "<group>";
		};
		81053653282E427600621E6F /* Utility */ = {
			isa = PBXGroup;
			children = (
				81053654282E428700621E6F /* SizeManager.swift */,
				81C962952838C9190078F977 /* HapticManager.swift */,
				8196978828391F0600CD46D4 /* LocalFileManager.swift */,
			);
			path = Utility;
			sourceTree = "<group>";
		};
		81053656282E541C00621E6F /* Extensions */ = {
			isa = PBXGroup;
			children = (
				8156CE162840644900FB1479 /* GlobalExtension.swift */,
			);
			path = Extensions;
			sourceTree = "<group>";
		};
		811C2022282CE271000B35CF /* World */ = {
			isa = PBXGroup;
			children = (
				811C2023282CE27C000B35CF /* Wall.swift */,
			);
			path = World;
			sourceTree = "<group>";
		};
		81C09EE9282659860084C859 = {
			isa = PBXGroup;
			children = (
				818A410B2835FEF600902D1C /* LazyGridView.swift */,
				8176A847282C967D00EFDE40 /* Window.swift */,
				811C2025282CFB5C000B35CF /* StealWallView.swift */,
				810ABE07282BA84300F50A8B /* ButtonView.swift */,
				81DAA602283F728D00EC6F2E /* TextFieldView.swift */,
				81BCF3FC2828CDA500D9A377 /* RainBow.swift */,
				816A072E2829045F00A6A947 /* Drag.swift */,
				81C09EF4282659860084C859 /* Boya */,
				81C09EF3282659860084C859 /* Products */,
			);
			sourceTree = "<group>";
		};
		81C09EF3282659860084C859 /* Products */ = {
			isa = PBXGroup;
			children = (
				81C09EF2282659860084C859 /* Boya.app */,
			);
			name = Products;
			sourceTree = "<group>";
		};
		81C09EF4282659860084C859 /* Boya */ = {
			isa = PBXGroup;
			children = (
				81EF6596283350C800853AB7 /* Model */,
				81EF6595283350C300853AB7 /* ViewModel */,
				81EF6594283350BE00853AB7 /* View */,
				81053656282E541C00621E6F /* Extensions */,
				81053653282E427600621E6F /* Utility */,
				81053650282E41BF00621E6F /* Gua */,
				8105364D282E1B8000621E6F /* Window */,
				811C2022282CE271000B35CF /* World */,
				81C09EF5282659860084C859 /* BoyaApp.swift */,
				81C09EF7282659860084C859 /* ContentView.swift */,
				81C09EF9282659880084C859 /* Assets.xcassets */,
				81C09EFE282659880084C859 /* Persistence.swift */,
				81C09F00282659880084C859 /* Boya.xcdatamodeld */,
				81C09EFB282659880084C859 /* Preview Content */,
			);
			path = Boya;
			sourceTree = "<group>";
		};
		81C09EFB282659880084C859 /* Preview Content */ = {
			isa = PBXGroup;
			children = (
				81C09EFC282659880084C859 /* Preview Assets.xcassets */,
			);
			path = "Preview Content";
			sourceTree = "<group>";
		};
		81EF6594283350BE00853AB7 /* View */ = {
			isa = PBXGroup;
			children = (
				81EF6597283351B500853AB7 /* EditView.swift */,
				811421412834F6DF004CBEBD /* TypeIn.swift */,
				8152D62F283B8DBA00AA8A5C /* AwordView.swift */,
				8152D631283CB51E00AA8A5C /* PickView.swift */,
				8156CE182840681100FB1479 /* PieceView.swift */,
				819ACEE52848AA6300E82423 /* ThreadVIew.swift */,
			);
			path = View;
			sourceTree = "<group>";
		};
		81EF6595283350C300853AB7 /* ViewModel */ = {
			isa = PBXGroup;
			children = (
				81A80D8F28472996004820FA /* EditViewModel.swift */,
			);
			path = ViewModel;
			sourceTree = "<group>";
		};
		81EF6596283350C800853AB7 /* Model */ = {
			isa = PBXGroup;
			children = (
				81EE0FF9284752310040ACF7 /* Data.swift */,
			);
			path = Model;
			sourceTree = "<group>";
		};
/* End PBXGroup section */

/* Begin PBXNativeTarget section */
		81C09EF1282659860084C859 /* Boya */ = {
			isa = PBXNativeTarget;
			buildConfigurationList = 81C09F05282659880084C859 /* Build configuration list for PBXNativeTarget "Boya" */;
			buildPhases = (
				81C09EEE282659860084C859 /* Sources */,
				81C09EEF282659860084C859 /* Frameworks */,
				81C09EF0282659860084C859 /* Resources */,
			);
			buildRules = (
			);
			dependencies = (
			);
			name = Boya;
			productName = Boya;
			productReference = 81C09EF2282659860084C859 /* Boya.app */;
			productType = "com.apple.product-type.application";
		};
/* End PBXNativeTarget section */

/* Begin PBXProject section */
		81C09EEA282659860084C859 /* Project object */ = {
			isa = PBXProject;
			attributes = {
				BuildIndependentTargetsInParallel = 1;
				LastSwiftUpdateCheck = 1330;
				LastUpgradeCheck = 1330;
				TargetAttributes = {
					81C09EF1282659860084C859 = {
						CreatedOnToolsVersion = 13.3.1;
					};
				};
			};
			buildConfigurationList = 81C09EED282659860084C859 /* Build configuration list for PBXProject "Boya" */;
			compatibilityVersion = "Xcode 13.0";
			developmentRegion = en;
			hasScannedForEncodings = 0;
			knownRegions = (
				en,
				Base,
			);
			mainGroup = 81C09EE9282659860084C859;
			productRefGroup = 81C09EF3282659860084C859 /* Products */;
			projectDirPath = "";
			projectRoot = "";
			targets = (
				81C09EF1282659860084C859 /* Boya */,
			);
		};
/* End PBXProject section */

/* Begin PBXResourcesBuildPhase section */
		81C09EF0282659860084C859 /* Resources */ = {
			isa = PBXResourcesBuildPhase;
			buildActionMask = 2147483647;
			files = (
				81C09EFD282659880084C859 /* Preview Assets.xcassets in Resources */,
				81C09EFA282659880084C859 /* Assets.xcassets in Resources */,
			);
			runOnlyForDeploymentPostprocessing = 0;
		};
/* End PBXResourcesBuildPhase section */

/* Begin PBXSourcesBuildPhase section */
		81C09EEE282659860084C859 /* Sources */ = {
			isa = PBXSourcesBuildPhase;
			buildActionMask = 2147483647;
			files = (
				8156CE192840681100FB1479 /* PieceView.swift in Sources */,
				811421422834F6DF004CBEBD /* TypeIn.swift in Sources */,
				81C09F02282659880084C859 /* Boya.xcdatamodeld in Sources */,
				818A410C2835FEF600902D1C /* LazyGridView.swift in Sources */,
				819ACEE62848AA6300E82423 /* ThreadVIew.swift in Sources */,
				81053655282E428700621E6F /* SizeManager.swift in Sources */,
				810ABE08282BA84400F50A8B /* ButtonView.swift in Sources */,
				81EE0FFA284752310040ACF7 /* Data.swift in Sources */,
				81053652282E41E900621E6F /* YinYang.swift in Sources */,
				8156CE172840644900FB1479 /* GlobalExtension.swift in Sources */,
				81C962962838C9190078F977 /* HapticManager.swift in Sources */,
				81C09EFF282659880084C859 /* Persistence.swift in Sources */,
				81C09EF8282659860084C859 /* ContentView.swift in Sources */,
				81C09EF6282659860084C859 /* BoyaApp.swift in Sources */,
				81DAA603283F728D00EC6F2E /* TextFieldView.swift in Sources */,
				8152D630283B8DBA00AA8A5C /* AwordView.swift in Sources */,
				81BCF3FD2828CDA500D9A377 /* RainBow.swift in Sources */,
				816A072F2829045F00A6A947 /* Drag.swift in Sources */,
				8105364F282E21AA00621E6F /* WindowDetail.swift in Sources */,
				8196978928391F0600CD46D4 /* LocalFileManager.swift in Sources */,
				81EF6598283351B500853AB7 /* EditView.swift in Sources */,
				81A80D9028472996004820FA /* EditViewModel.swift in Sources */,
				8176A848282C967D00EFDE40 /* Window.swift in Sources */,
				8152D632283CB51E00AA8A5C /* PickView.swift in Sources */,
				811C2026282CFB5C000B35CF /* StealWallView.swift in Sources */,
				811C2024282CE27C000B35CF /* Wall.swift in Sources */,
			);
			runOnlyForDeploymentPostprocessing = 0;
		};
/* End PBXSourcesBuildPhase section */

/* Begin XCBuildConfiguration section */
		81C09F03282659880084C859 /* Debug */ = {
			isa = XCBuildConfiguration;
			buildSettings = {
				ALWAYS_SEARCH_USER_PATHS = NO;
				CLANG_ANALYZER_NONNULL = YES;
				CLANG_ANALYZER_NUMBER_OBJECT_CONVERSION = YES_AGGRESSIVE;
				CLANG_CXX_LANGUAGE_STANDARD = "gnu++17";
				CLANG_ENABLE_MODULES = YES;
				CLANG_ENABLE_OBJC_ARC = YES;
				CLANG_ENABLE_OBJC_WEAK = YES;
				CLANG_WARN_BLOCK_CAPTURE_AUTORELEASING = YES;
				CLANG_WARN_BOOL_CONVERSION = YES;
				CLANG_WARN_COMMA = YES;
				CLANG_WARN_CONSTANT_CONVERSION = YES;
				CLANG_WARN_DEPRECATED_OBJC_IMPLEMENTATIONS = YES;
				CLANG_WARN_DIRECT_OBJC_ISA_USAGE = YES_ERROR;
				CLANG_WARN_DOCUMENTATION_COMMENTS = YES;
				CLANG_WARN_EMPTY_BODY = YES;
				CLANG_WARN_ENUM_CONVERSION = YES;
				CLANG_WARN_INFINITE_RECURSION = YES;
				CLANG_WARN_INT_CONVERSION = YES;
				CLANG_WARN_NON_LITERAL_NULL_CONVERSION = YES;
				CLANG_WARN_OBJC_IMPLICIT_RETAIN_SELF = YES;
				CLANG_WARN_OBJC_LITERAL_CONVERSION = YES;
				CLANG_WARN_OBJC_ROOT_CLASS = YES_ERROR;
				CLANG_WARN_QUOTED_INCLUDE_IN_FRAMEWORK_HEADER = YES;
				CLANG_WARN_RANGE_LOOP_ANALYSIS = YES;
				CLANG_WARN_STRICT_PROTOTYPES = YES;
				CLANG_WARN_SUSPICIOUS_MOVE = YES;
				CLANG_WARN_UNGUARDED_AVAILABILITY = YES_AGGRESSIVE;
				CLANG_WARN_UNREACHABLE_CODE = YES;
				CLANG_WARN__DUPLICATE_METHOD_MATCH = YES;
				COPY_PHASE_STRIP = NO;
				DEBUG_INFORMATION_FORMAT = dwarf;
				ENABLE_STRICT_OBJC_MSGSEND = YES;
				ENABLE_TESTABILITY = YES;
				GCC_C_LANGUAGE_STANDARD = gnu11;
				GCC_DYNAMIC_NO_PIC = NO;
				GCC_NO_COMMON_BLOCKS = YES;
				GCC_OPTIMIZATION_LEVEL = 0;
				GCC_PREPROCESSOR_DEFINITIONS = (
					"DEBUG=1",
					"$(inherited)",
				);
				GCC_WARN_64_TO_32_BIT_CONVERSION = YES;
				GCC_WARN_ABOUT_RETURN_TYPE = YES_ERROR;
				GCC_WARN_UNDECLARED_SELECTOR = YES;
				GCC_WARN_UNINITIALIZED_AUTOS = YES_AGGRESSIVE;
				GCC_WARN_UNUSED_FUNCTION = YES;
				GCC_WARN_UNUSED_VARIABLE = YES;
				IPHONEOS_DEPLOYMENT_TARGET = 15.4;
				MTL_ENABLE_DEBUG_INFO = INCLUDE_SOURCE;
				MTL_FAST_MATH = YES;
				ONLY_ACTIVE_ARCH = YES;
				SDKROOT = iphoneos;
				SWIFT_ACTIVE_COMPILATION_CONDITIONS = DEBUG;
				SWIFT_OPTIMIZATION_LEVEL = "-Onone";
			};
			name = Debug;
		};
		81C09F04282659880084C859 /* Release */ = {
			isa = XCBuildConfiguration;
			buildSettings = {
				ALWAYS_SEARCH_USER_PATHS = NO;
				CLANG_ANALYZER_NONNULL = YES;
				CLANG_ANALYZER_NUMBER_OBJECT_CONVERSION = YES_AGGRESSIVE;
				CLANG_CXX_LANGUAGE_STANDARD = "gnu++17";
				CLANG_ENABLE_MODULES = YES;
				CLANG_ENABLE_OBJC_ARC = YES;
				CLANG_ENABLE_OBJC_WEAK = YES;
				CLANG_WARN_BLOCK_CAPTURE_AUTORELEASING = YES;
				CLANG_WARN_BOOL_CONVERSION = YES;
				CLANG_WARN_COMMA = YES;
				CLANG_WARN_CONSTANT_CONVERSION = YES;
				CLANG_WARN_DEPRECATED_OBJC_IMPLEMENTATIONS = YES;
				CLANG_WARN_DIRECT_OBJC_ISA_USAGE = YES_ERROR;
				CLANG_WARN_DOCUMENTATION_COMMENTS = YES;
				CLANG_WARN_EMPTY_BODY = YES;
				CLANG_WARN_ENUM_CONVERSION = YES;
				CLANG_WARN_INFINITE_RECURSION = YES;
				CLANG_WARN_INT_CONVERSION = YES;
				CLANG_WARN_NON_LITERAL_NULL_CONVERSION = YES;
				CLANG_WARN_OBJC_IMPLICIT_RETAIN_SELF = YES;
				CLANG_WARN_OBJC_LITERAL_CONVERSION = YES;
				CLANG_WARN_OBJC_ROOT_CLASS = YES_ERROR;
				CLANG_WARN_QUOTED_INCLUDE_IN_FRAMEWORK_HEADER = YES;
				CLANG_WARN_RANGE_LOOP_ANALYSIS = YES;
				CLANG_WARN_STRICT_PROTOTYPES = YES;
				CLANG_WARN_SUSPICIOUS_MOVE = YES;
				CLANG_WARN_UNGUARDED_AVAILABILITY = YES_AGGRESSIVE;
				CLANG_WARN_UNREACHABLE_CODE = YES;
				CLANG_WARN__DUPLICATE_METHOD_MATCH = YES;
				COPY_PHASE_STRIP = NO;
				DEBUG_INFORMATION_FORMAT = "dwarf-with-dsym";
				ENABLE_NS_ASSERTIONS = NO;
				ENABLE_STRICT_OBJC_MSGSEND = YES;
				GCC_C_LANGUAGE_STANDARD = gnu11;
				GCC_NO_COMMON_BLOCKS = YES;
				GCC_WARN_64_TO_32_BIT_CONVERSION = YES;
				GCC_WARN_ABOUT_RETURN_TYPE = YES_ERROR;
				GCC_WARN_UNDECLARED_SELECTOR = YES;
				GCC_WARN_UNINITIALIZED_AUTOS = YES_AGGRESSIVE;
				GCC_WARN_UNUSED_FUNCTION = YES;
				GCC_WARN_UNUSED_VARIABLE = YES;
				IPHONEOS_DEPLOYMENT_TARGET = 15.4;
				MTL_ENABLE_DEBUG_INFO = NO;
				MTL_FAST_MATH = YES;
				SDKROOT = iphoneos;
				SWIFT_COMPILATION_MODE = wholemodule;
				SWIFT_OPTIMIZATION_LEVEL = "-O";
				VALIDATE_PRODUCT = YES;
			};
			name = Release;
		};
		81C09F06282659880084C859 /* Debug */ = {
			isa = XCBuildConfiguration;
			buildSettings = {
				ASSETCATALOG_COMPILER_APPICON_NAME = AppIcon;
				ASSETCATALOG_COMPILER_GLOBAL_ACCENT_COLOR_NAME = AccentColor;
				CODE_SIGN_STYLE = Automatic;
				CURRENT_PROJECT_VERSION = 1;
				DEVELOPMENT_ASSET_PATHS = "\"Boya/Preview Content\"";
				DEVELOPMENT_TEAM = T2W53FPQ87;
				ENABLE_PREVIEWS = YES;
				GENERATE_INFOPLIST_FILE = YES;
				INFOPLIST_KEY_UIApplicationSceneManifest_Generation = YES;
				INFOPLIST_KEY_UIApplicationSupportsIndirectInputEvents = YES;
				INFOPLIST_KEY_UILaunchScreen_Generation = YES;
				INFOPLIST_KEY_UISupportedInterfaceOrientations_iPad = "UIInterfaceOrientationPortrait UIInterfaceOrientationPortraitUpsideDown UIInterfaceOrientationLandscapeLeft UIInterfaceOrientationLandscapeRight";
				INFOPLIST_KEY_UISupportedInterfaceOrientations_iPhone = "UIInterfaceOrientationPortrait UIInterfaceOrientationLandscapeLeft UIInterfaceOrientationLandscapeRight";
				LD_RUNPATH_SEARCH_PATHS = (
					"$(inherited)",
					"@executable_path/Frameworks",
				);
				MARKETING_VERSION = 1.0;
				PRODUCT_BUNDLE_IDENTIFIER = AndyJado.Boya;
				PRODUCT_NAME = "$(TARGET_NAME)";
				SWIFT_EMIT_LOC_STRINGS = YES;
				SWIFT_VERSION = 5.0;
				TARGETED_DEVICE_FAMILY = "1,2";
			};
			name = Debug;
		};
		81C09F07282659880084C859 /* Release */ = {
			isa = XCBuildConfiguration;
			buildSettings = {
				ASSETCATALOG_COMPILER_APPICON_NAME = AppIcon;
				ASSETCATALOG_COMPILER_GLOBAL_ACCENT_COLOR_NAME = AccentColor;
				CODE_SIGN_STYLE = Automatic;
				CURRENT_PROJECT_VERSION = 1;
				DEVELOPMENT_ASSET_PATHS = "\"Boya/Preview Content\"";
				DEVELOPMENT_TEAM = T2W53FPQ87;
				ENABLE_PREVIEWS = YES;
				GENERATE_INFOPLIST_FILE = YES;
				INFOPLIST_KEY_UIApplicationSceneManifest_Generation = YES;
				INFOPLIST_KEY_UIApplicationSupportsIndirectInputEvents = YES;
				INFOPLIST_KEY_UILaunchScreen_Generation = YES;
				INFOPLIST_KEY_UISupportedInterfaceOrientations_iPad = "UIInterfaceOrientationPortrait UIInterfaceOrientationPortraitUpsideDown UIInterfaceOrientationLandscapeLeft UIInterfaceOrientationLandscapeRight";
				INFOPLIST_KEY_UISupportedInterfaceOrientations_iPhone = "UIInterfaceOrientationPortrait UIInterfaceOrientationLandscapeLeft UIInterfaceOrientationLandscapeRight";
				LD_RUNPATH_SEARCH_PATHS = (
					"$(inherited)",
					"@executable_path/Frameworks",
				);
				MARKETING_VERSION = 1.0;
				PRODUCT_BUNDLE_IDENTIFIER = AndyJado.Boya;
				PRODUCT_NAME = "$(TARGET_NAME)";
				SWIFT_EMIT_LOC_STRINGS = YES;
				SWIFT_VERSION = 5.0;
				TARGETED_DEVICE_FAMILY = "1,2";
			};
			name = Release;
		};
/* End XCBuildConfiguration section */

/* Begin XCConfigurationList section */
		81C09EED282659860084C859 /* Build configuration list for PBXProject "Boya" */ = {
			isa = XCConfigurationList;
			buildConfigurations = (
				81C09F03282659880084C859 /* Debug */,
				81C09F04282659880084C859 /* Release */,
			);
			defaultConfigurationIsVisible = 0;
			defaultConfigurationName = Release;
		};
		81C09F05282659880084C859 /* Build configuration list for PBXNativeTarget "Boya" */ = {
			isa = XCConfigurationList;
			buildConfigurations = (
				81C09F06282659880084C859 /* Debug */,
				81C09F07282659880084C859 /* Release */,
			);
			defaultConfigurationIsVisible = 0;
			defaultConfigurationName = Release;
		};
/* End XCConfigurationList section */

/* Begin XCVersionGroup section */
		81C09F00282659880084C859 /* Boya.xcdatamodeld */ = {
			isa = XCVersionGroup;
			children = (
				81C09F01282659880084C859 /* Boya.xcdatamodel */,
			);
			currentVersion = 81C09F01282659880084C859 /* Boya.xcdatamodel */;
			path = Boya.xcdatamodeld;
			sourceTree = "<group>";
			versionGroupType = wrapper.xcdatamodel;
		};
/* End XCVersionGroup section */
	};
	rootObject = 81C09EEA282659860084C859 /* Project object */;
}
